
Microsoft Visual Studio Solution File, Format Version 12.00
# Visual Studio 14
VisualStudioVersion = 14.0.24720.0
MinimumVisualStudioVersion = 10.0.40219.1
Project("{FAE04EC0-301F-11D3-BF4B-00C04F79EFBC}") = "GildedRose", "GildedRose\GildedRose.csproj", "{64C011AB-0B4D-4B0B-BB3F-F9485C9FF8C5}"
EndProject
Project("{FAE04EC0-301F-11D3-BF4B-00C04F79EFBC}") = "GildedRoseTest", "GildedRoseTest\GildedRoseTest.csproj", "{EBB572C0-7F22-4AE3-9867-252C5BDB562D}"
EndProject
Global
	GlobalSection(SolutionConfigurationPlatforms) = preSolution
		Debug|Any CPU = Debug|Any CPU
		Release|Any CPU = Release|Any CPU
	EndGlobalSection
	GlobalSection(ProjectConfigurationPlatforms) = postSolution
		{64C011AB-0B4D-4B0B-BB3F-F9485C9FF8C5}.Debug|Any CPU.ActiveCfg = Debug|Any CPU
		{64C011AB-0B4D-4B0B-BB3F-F9485C9FF8C5}.Debug|Any CPU.Build.0 = Debug|Any CPU
		{64C011AB-0B4D-4B0B-BB3F-F9485C9FF8C5}.Release|Any CPU.ActiveCfg = Release|Any CPU
		{64C011AB-0B4D-4B0B-BB3F-F9485C9FF8C5}.Release|Any CPU.Build.0 = Release|Any CPU
		{EBB572C0-7F22-4AE3-9867-252C5BDB562D}.Debug|Any CPU.ActiveCfg = Debug|Any CPU
		{EBB572C0-7F22-4AE3-9867-252C5BDB562D}.Debug|Any CPU.Build.0 = Debug|Any CPU
		{EBB572C0-7F22-4AE3-9867-252C5BDB562D}.Release|Any CPU.ActiveCfg = Release|Any CPU
		{EBB572C0-7F22-4AE3-9867-252C5BDB562D}.Release|Any CPU.Build.0 = Release|Any CPU
	EndGlobalSection
	GlobalSection(SolutionProperties) = preSolution
		HideSolutionNode = FALSE
	EndGlobalSection
EndGlobal
